
Microsoft Visual Studio Solution File, Format Version 12.00
# Visual Studio Version 16
VisualStudioVersion = 25.0.1706.14
MinimumVisualStudioVersion = 10.0.40219.1
Project("{FAE04EC0-301F-11D3-BF4B-00C04F79EFBC}") = "Task5_Linq", "Task5_Linq\Task5_Linq.csproj", "{82C37E91-12E7-4AF6-A258-1440572CCE64}"
EndProject
Global
	GlobalSection(SolutionConfigurationPlatforms) = preSolution
		Debug|Any CPU = Debug|Any CPU
		Release|Any CPU = Release|Any CPU
	EndGlobalSection
	GlobalSection(ProjectConfigurationPlatforms) = postSolution
		{82C37E91-12E7-4AF6-A258-1440572CCE64}.Debug|Any CPU.ActiveCfg = Debug|Any CPU
		{82C37E91-12E7-4AF6-A258-1440572CCE64}.Debug|Any CPU.Build.0 = Debug|Any CPU
		{82C37E91-12E7-4AF6-A258-1440572CCE64}.Release|Any CPU.ActiveCfg = Release|Any CPU
		{82C37E91-12E7-4AF6-A258-1440572CCE64}.Release|Any CPU.Build.0 = Release|Any CPU
	EndGlobalSection
	GlobalSection(SolutionProperties) = preSolution
		HideSolutionNode = FALSE
	EndGlobalSection
	GlobalSection(ExtensibilityGlobals) = postSolution
		SolutionGuid = {162445F0-EB85-42AF-B904-0C39C593E1E7}
	EndGlobalSection
EndGlobal
